// !$*UTF8*$!
{
	archiveVersion = 1;
	classes = {
	};
	objectVersion = 46;
	objects = {

/* Begin PBXBuildFile section */
		8B2253A61CB156DA0067B865 /* Foundation.framework in Frameworks */ = {isa = PBXBuildFile; fileRef = 8B2253A51CB156DA0067B865 /* Foundation.framework */; };
		8B2253A81CB156DA0067B865 /* CoreGraphics.framework in Frameworks */ = {isa = PBXBuildFile; fileRef = 8B2253A71CB156DA0067B865 /* CoreGraphics.framework */; };
		8B2253AA1CB156DA0067B865 /* UIKit.framework in Frameworks */ = {isa = PBXBuildFile; fileRef = 8B2253A91CB156DA0067B865 /* UIKit.framework */; };
		8B2253B01CB156DA0067B865 /* InfoPlist.strings in Resources */ = {isa = PBXBuildFile; fileRef = 8B2253AE1CB156DA0067B865 /* InfoPlist.strings */; };
		8B2253B21CB156DA0067B865 /* main.m in Sources */ = {isa = PBXBuildFile; fileRef = 8B2253B11CB156DA0067B865 /* main.m */; };
		8B2253B61CB156DA0067B865 /* MyChennaiAppDelegate.m in Sources */ = {isa = PBXBuildFile; fileRef = 8B2253B51CB156DA0067B865 /* MyChennaiAppDelegate.m */; };
		8B2253B91CB156DA0067B865 /* Main.storyboard in Resources */ = {isa = PBXBuildFile; fileRef = 8B2253B71CB156DA0067B865 /* Main.storyboard */; };
		8B2253BC1CB156DA0067B865 /* MyChennaiViewController.m in Sources */ = {isa = PBXBuildFile; fileRef = 8B2253BB1CB156DA0067B865 /* MyChennaiViewController.m */; };
		8B2253BE1CB156DA0067B865 /* Images.xcassets in Resources */ = {isa = PBXBuildFile; fileRef = 8B2253BD1CB156DA0067B865 /* Images.xcassets */; };
		8B2253C51CB156DA0067B865 /* XCTest.framework in Frameworks */ = {isa = PBXBuildFile; fileRef = 8B2253C41CB156DA0067B865 /* XCTest.framework */; };
		8B2253C61CB156DA0067B865 /* Foundation.framework in Frameworks */ = {isa = PBXBuildFile; fileRef = 8B2253A51CB156DA0067B865 /* Foundation.framework */; };
		8B2253C71CB156DA0067B865 /* UIKit.framework in Frameworks */ = {isa = PBXBuildFile; fileRef = 8B2253A91CB156DA0067B865 /* UIKit.framework */; };
		8B2253CF1CB156DA0067B865 /* InfoPlist.strings in Resources */ = {isa = PBXBuildFile; fileRef = 8B2253CD1CB156DA0067B865 /* InfoPlist.strings */; };
		8B2253D11CB156DA0067B865 /* MyChennaiTests.m in Sources */ = {isa = PBXBuildFile; fileRef = 8B2253D01CB156DA0067B865 /* MyChennaiTests.m */; };
		8B83650D1CB15F03006B670A /* DashboardViewController.m in Sources */ = {isa = PBXBuildFile; fileRef = 8B83650C1CB15F03006B670A /* DashboardViewController.m */; };
		8B83650F1CB164D0006B670A /* help.jpg in Resources */ = {isa = PBXBuildFile; fileRef = 8B83650E1CB164D0006B670A /* help.jpg */; };
		8B8365111CB16792006B670A /* nearme.png in Resources */ = {isa = PBXBuildFile; fileRef = 8B8365101CB16792006B670A /* nearme.png */; };
		8BA7F0E81CB42FD800FA7709 /* CoreLocation.framework in Frameworks */ = {isa = PBXBuildFile; fileRef = 8BA7F0E71CB42FD800FA7709 /* CoreLocation.framework */; };
		8BA7F0EA1CB42FE900FA7709 /* MapKit.framework in Frameworks */ = {isa = PBXBuildFile; fileRef = 8BA7F0E91CB42FE900FA7709 /* MapKit.framework */; };
		8BA7F0EF1CB430BB00FA7709 /* ViewController.m in Sources */ = {isa = PBXBuildFile; fileRef = 8BA7F0EC1CB430BB00FA7709 /* ViewController.m */; };
		8BA7F0F01CB430BB00FA7709 /* MapPoint.m in Sources */ = {isa = PBXBuildFile; fileRef = 8BA7F0EE1CB430BB00FA7709 /* MapPoint.m */; };
		8BA7F0F21CB43E5C00FA7709 /* info.jpg in Resources */ = {isa = PBXBuildFile; fileRef = 8BA7F0F11CB43E5C00FA7709 /* info.jpg */; };
		8BA7F0F51CB442BA00FA7709 /* InfoViewController.m in Sources */ = {isa = PBXBuildFile; fileRef = 8BA7F0F41CB442BA00FA7709 /* InfoViewController.m */; };
		8BA7F0F81CB442DA00FA7709 /* InfoCell.m in Sources */ = {isa = PBXBuildFile; fileRef = 8BA7F0F71CB442DA00FA7709 /* InfoCell.m */; };
		8BA7F0FB1CB44CA400FA7709 /* InfoDetailViewController.m in Sources */ = {isa = PBXBuildFile; fileRef = 8BA7F0FA1CB44CA400FA7709 /* InfoDetailViewController.m */; };
		8BA7F0FD1CB457D900FA7709 /* hindu.jpg in Resources */ = {isa = PBXBuildFile; fileRef = 8BA7F0FC1CB457D900FA7709 /* hindu.jpg */; };
		8BA7F1001CB45BB600FA7709 /* APPMasterViewController.m in Sources */ = {isa = PBXBuildFile; fileRef = 8BA7F0FF1CB45BB600FA7709 /* APPMasterViewController.m */; };
		8BA7F1031CB45BE000FA7709 /* APPDetailViewController.m in Sources */ = {isa = PBXBuildFile; fileRef = 8BA7F1021CB45BE000FA7709 /* APPDetailViewController.m */; };
		8BAD62511CB2F10100B7FB77 /* number.m in Sources */ = {isa = PBXBuildFile; fileRef = 8BAD62501CB2F10100B7FB77 /* number.m */; };
		8BB268251CB2E2C700592787 /* HelpCell.m in Sources */ = {isa = PBXBuildFile; fileRef = 8BB268241CB2E2C700592787 /* HelpCell.m */; };
		8BD5BAC01CB2DB36002474AC /* helpViewController.m in Sources */ = {isa = PBXBuildFile; fileRef = 8BD5BABF1CB2DB36002474AC /* helpViewController.m */; };
/* End PBXBuildFile section */

/* Begin PBXContainerItemProxy section */
		8B2253C81CB156DA0067B865 /* PBXContainerItemProxy */ = {
			isa = PBXContainerItemProxy;
			containerPortal = 8B22539A1CB156DA0067B865 /* Project object */;
			proxyType = 1;
			remoteGlobalIDString = 8B2253A11CB156DA0067B865;
			remoteInfo = MyChennai;
		};
/* End PBXContainerItemProxy section */

/* Begin PBXFileReference section */
		8B2253A21CB156DA0067B865 /* MyChennai.app */ = {isa = PBXFileReference; explicitFileType = wrapper.application; includeInIndex = 0; path = MyChennai.app; sourceTree = BUILT_PRODUCTS_DIR; };
		8B2253A51CB156DA0067B865 /* Foundation.framework */ = {isa = PBXFileReference; lastKnownFileType = wrapper.framework; name = Foundation.framework; path = System/Library/Frameworks/Foundation.framework; sourceTree = SDKROOT; };
		8B2253A71CB156DA0067B865 /* CoreGraphics.framework */ = {isa = PBXFileReference; lastKnownFileType = wrapper.framework; name = CoreGraphics.framework; path = System/Library/Frameworks/CoreGraphics.framework; sourceTree = SDKROOT; };
		8B2253A91CB156DA0067B865 /* UIKit.framework */ = {isa = PBXFileReference; lastKnownFileType = wrapper.framework; name = UIKit.framework; path = System/Library/Frameworks/UIKit.framework; sourceTree = SDKROOT; };
		8B2253AD1CB156DA0067B865 /* MyChennai-Info.plist */ = {isa = PBXFileReference; lastKnownFileType = text.plist.xml; path = "MyChennai-Info.plist"; sourceTree = "<group>"; };
		8B2253AF1CB156DA0067B865 /* en */ = {isa = PBXFileReference; lastKnownFileType = text.plist.strings; name = en; path = en.lproj/InfoPlist.strings; sourceTree = "<group>"; };
		8B2253B11CB156DA0067B865 /* main.m */ = {isa = PBXFileReference; lastKnownFileType = sourcecode.c.objc; path = main.m; sourceTree = "<group>"; };
		8B2253B31CB156DA0067B865 /* MyChennai-Prefix.pch */ = {isa = PBXFileReference; lastKnownFileType = sourcecode.c.h; path = "MyChennai-Prefix.pch"; sourceTree = "<group>"; };
		8B2253B41CB156DA0067B865 /* MyChennaiAppDelegate.h */ = {isa = PBXFileReference; lastKnownFileType = sourcecode.c.h; path = MyChennaiAppDelegate.h; sourceTree = "<group>"; };
		8B2253B51CB156DA0067B865 /* MyChennaiAppDelegate.m */ = {isa = PBXFileReference; lastKnownFileType = sourcecode.c.objc; path = MyChennaiAppDelegate.m; sourceTree = "<group>"; };
		8B2253B81CB156DA0067B865 /* Base */ = {isa = PBXFileReference; lastKnownFileType = file.storyboard; name = Base; path = Base.lproj/Main.storyboard; sourceTree = "<group>"; };
		8B2253BA1CB156DA0067B865 /* MyChennaiViewController.h */ = {isa = PBXFileReference; lastKnownFileType = sourcecode.c.h; path = MyChennaiViewController.h; sourceTree = "<group>"; };
		8B2253BB1CB156DA0067B865 /* MyChennaiViewController.m */ = {isa = PBXFileReference; lastKnownFileType = sourcecode.c.objc; path = MyChennaiViewController.m; sourceTree = "<group>"; };
		8B2253BD1CB156DA0067B865 /* Images.xcassets */ = {isa = PBXFileReference; lastKnownFileType = folder.assetcatalog; path = Images.xcassets; sourceTree = "<group>"; };
		8B2253C31CB156DA0067B865 /* MyChennaiTests.xctest */ = {isa = PBXFileReference; explicitFileType = wrapper.cfbundle; includeInIndex = 0; path = MyChennaiTests.xctest; sourceTree = BUILT_PRODUCTS_DIR; };
		8B2253C41CB156DA0067B865 /* XCTest.framework */ = {isa = PBXFileReference; lastKnownFileType = wrapper.framework; name = XCTest.framework; path = Library/Frameworks/XCTest.framework; sourceTree = DEVELOPER_DIR; };
		8B2253CC1CB156DA0067B865 /* MyChennaiTests-Info.plist */ = {isa = PBXFileReference; lastKnownFileType = text.plist.xml; path = "MyChennaiTests-Info.plist"; sourceTree = "<group>"; };
		8B2253CE1CB156DA0067B865 /* en */ = {isa = PBXFileReference; lastKnownFileType = text.plist.strings; name = en; path = en.lproj/InfoPlist.strings; sourceTree = "<group>"; };
		8B2253D01CB156DA0067B865 /* MyChennaiTests.m */ = {isa = PBXFileReference; lastKnownFileType = sourcecode.c.objc; path = MyChennaiTests.m; sourceTree = "<group>"; };
		8B83650B1CB15F03006B670A /* DashboardViewController.h */ = {isa = PBXFileReference; fileEncoding = 4; lastKnownFileType = sourcecode.c.h; path = DashboardViewController.h; sourceTree = "<group>"; };
		8B83650C1CB15F03006B670A /* DashboardViewController.m */ = {isa = PBXFileReference; fileEncoding = 4; lastKnownFileType = sourcecode.c.objc; path = DashboardViewController.m; sourceTree = "<group>"; };
		8B83650E1CB164D0006B670A /* help.jpg */ = {isa = PBXFileReference; lastKnownFileType = image.jpeg; name = help.jpg; path = images/help.jpg; sourceTree = SOURCE_ROOT; };
		8B8365101CB16792006B670A /* nearme.png */ = {isa = PBXFileReference; lastKnownFileType = image.png; name = nearme.png; path = images/nearme.png; sourceTree = SOURCE_ROOT; };
		8BA7F0E71CB42FD800FA7709 /* CoreLocation.framework */ = {isa = PBXFileReference; lastKnownFileType = wrapper.framework; name = CoreLocation.framework; path = System/Library/Frameworks/CoreLocation.framework; sourceTree = SDKROOT; };
		8BA7F0E91CB42FE900FA7709 /* MapKit.framework */ = {isa = PBXFileReference; lastKnownFileType = wrapper.framework; name = MapKit.framework; path = System/Library/Frameworks/MapKit.framework; sourceTree = SDKROOT; };
		8BA7F0EB1CB430BB00FA7709 /* ViewController.h */ = {isa = PBXFileReference; fileEncoding = 4; lastKnownFileType = sourcecode.c.h; path = ViewController.h; sourceTree = "<group>"; };
		8BA7F0EC1CB430BB00FA7709 /* ViewController.m */ = {isa = PBXFileReference; fileEncoding = 4; lastKnownFileType = sourcecode.c.objc; path = ViewController.m; sourceTree = "<group>"; };
		8BA7F0ED1CB430BB00FA7709 /* MapPoint.h */ = {isa = PBXFileReference; fileEncoding = 4; lastKnownFileType = sourcecode.c.h; path = MapPoint.h; sourceTree = "<group>"; };
		8BA7F0EE1CB430BB00FA7709 /* MapPoint.m */ = {isa = PBXFileReference; fileEncoding = 4; lastKnownFileType = sourcecode.c.objc; path = MapPoint.m; sourceTree = "<group>"; };
		8BA7F0F11CB43E5C00FA7709 /* info.jpg */ = {isa = PBXFileReference; lastKnownFileType = image.jpeg; path = info.jpg; sourceTree = "<group>"; };
		8BA7F0F31CB442BA00FA7709 /* InfoViewController.h */ = {isa = PBXFileReference; fileEncoding = 4; lastKnownFileType = sourcecode.c.h; path = InfoViewController.h; sourceTree = "<group>"; };
		8BA7F0F41CB442BA00FA7709 /* InfoViewController.m */ = {isa = PBXFileReference; fileEncoding = 4; lastKnownFileType = sourcecode.c.objc; path = InfoViewController.m; sourceTree = "<group>"; };
		8BA7F0F61CB442DA00FA7709 /* InfoCell.h */ = {isa = PBXFileReference; fileEncoding = 4; lastKnownFileType = sourcecode.c.h; path = InfoCell.h; sourceTree = "<group>"; };
		8BA7F0F71CB442DA00FA7709 /* InfoCell.m */ = {isa = PBXFileReference; fileEncoding = 4; lastKnownFileType = sourcecode.c.objc; path = InfoCell.m; sourceTree = "<group>"; };
		8BA7F0F91CB44CA400FA7709 /* InfoDetailViewController.h */ = {isa = PBXFileReference; fileEncoding = 4; lastKnownFileType = sourcecode.c.h; path = InfoDetailViewController.h; sourceTree = "<group>"; };
		8BA7F0FA1CB44CA400FA7709 /* InfoDetailViewController.m */ = {isa = PBXFileReference; fileEncoding = 4; lastKnownFileType = sourcecode.c.objc; path = InfoDetailViewController.m; sourceTree = "<group>"; };
		8BA7F0FC1CB457D900FA7709 /* hindu.jpg */ = {isa = PBXFileReference; lastKnownFileType = image.jpeg; path = hindu.jpg; sourceTree = "<group>"; };
		8BA7F0FE1CB45BB600FA7709 /* APPMasterViewController.h */ = {isa = PBXFileReference; fileEncoding = 4; lastKnownFileType = sourcecode.c.h; path = APPMasterViewController.h; sourceTree = "<group>"; };
		8BA7F0FF1CB45BB600FA7709 /* APPMasterViewController.m */ = {isa = PBXFileReference; fileEncoding = 4; lastKnownFileType = sourcecode.c.objc; path = APPMasterViewController.m; sourceTree = "<group>"; };
		8BA7F1011CB45BE000FA7709 /* APPDetailViewController.h */ = {isa = PBXFileReference; fileEncoding = 4; lastKnownFileType = sourcecode.c.h; path = APPDetailViewController.h; sourceTree = "<group>"; };
		8BA7F1021CB45BE000FA7709 /* APPDetailViewController.m */ = {isa = PBXFileReference; fileEncoding = 4; lastKnownFileType = sourcecode.c.objc; path = APPDetailViewController.m; sourceTree = "<group>"; };
		8BAD624F1CB2F10100B7FB77 /* number.h */ = {isa = PBXFileReference; fileEncoding = 4; lastKnownFileType = sourcecode.c.h; path = number.h; sourceTree = "<group>"; };
		8BAD62501CB2F10100B7FB77 /* number.m */ = {isa = PBXFileReference; fileEncoding = 4; lastKnownFileType = sourcecode.c.objc; path = number.m; sourceTree = "<group>"; };
		8BB268231CB2E2C700592787 /* HelpCell.h */ = {isa = PBXFileReference; fileEncoding = 4; lastKnownFileType = sourcecode.c.h; path = HelpCell.h; sourceTree = "<group>"; };
		8BB268241CB2E2C700592787 /* HelpCell.m */ = {isa = PBXFileReference; fileEncoding = 4; lastKnownFileType = sourcecode.c.objc; path = HelpCell.m; sourceTree = "<group>"; };
		8BD5BABE1CB2DB36002474AC /* helpViewController.h */ = {isa = PBXFileReference; fileEncoding = 4; lastKnownFileType = sourcecode.c.h; path = helpViewController.h; sourceTree = "<group>"; };
		8BD5BABF1CB2DB36002474AC /* helpViewController.m */ = {isa = PBXFileReference; fileEncoding = 4; lastKnownFileType = sourcecode.c.objc; path = helpViewController.m; sourceTree = "<group>"; };
/* End PBXFileReference section */

/* Begin PBXFrameworksBuildPhase section */
		8B22539F1CB156DA0067B865 /* Frameworks */ = {
			isa = PBXFrameworksBuildPhase;
			buildActionMask = 2147483647;
			files = (
				8BA7F0EA1CB42FE900FA7709 /* MapKit.framework in Frameworks */,
				8BA7F0E81CB42FD800FA7709 /* CoreLocation.framework in Frameworks */,
				8B2253A81CB156DA0067B865 /* CoreGraphics.framework in Frameworks */,
				8B2253AA1CB156DA0067B865 /* UIKit.framework in Frameworks */,
				8B2253A61CB156DA0067B865 /* Foundation.framework in Frameworks */,
			);
			runOnlyForDeploymentPostprocessing = 0;
		};
		8B2253C01CB156DA0067B865 /* Frameworks */ = {
			isa = PBXFrameworksBuildPhase;
			buildActionMask = 2147483647;
			files = (
				8B2253C51CB156DA0067B865 /* XCTest.framework in Frameworks */,
				8B2253C71CB156DA0067B865 /* UIKit.framework in Frameworks */,
				8B2253C61CB156DA0067B865 /* Foundation.framework in Frameworks */,
			);
			runOnlyForDeploymentPostprocessing = 0;
		};
/* End PBXFrameworksBuildPhase section */

/* Begin PBXGroup section */
		8B2253991CB156DA0067B865 = {
			isa = PBXGroup;
			children = (
				8B2253AB1CB156DA0067B865 /* MyChennai */,
				8B2253CA1CB156DA0067B865 /* MyChennaiTests */,
				8B2253A41CB156DA0067B865 /* Frameworks */,
				8B2253A31CB156DA0067B865 /* Products */,
			);
			sourceTree = "<group>";
		};
		8B2253A31CB156DA0067B865 /* Products */ = {
			isa = PBXGroup;
			children = (
				8B2253A21CB156DA0067B865 /* MyChennai.app */,
				8B2253C31CB156DA0067B865 /* MyChennaiTests.xctest */,
			);
			name = Products;
			sourceTree = "<group>";
		};
		8B2253A41CB156DA0067B865 /* Frameworks */ = {
			isa = PBXGroup;
			children = (
				8BA7F0E91CB42FE900FA7709 /* MapKit.framework */,
				8BA7F0E71CB42FD800FA7709 /* CoreLocation.framework */,
				8B2253A51CB156DA0067B865 /* Foundation.framework */,
				8B2253A71CB156DA0067B865 /* CoreGraphics.framework */,
				8B2253A91CB156DA0067B865 /* UIKit.framework */,
				8B2253C41CB156DA0067B865 /* XCTest.framework */,
			);
			name = Frameworks;
			sourceTree = "<group>";
		};
		8B2253AB1CB156DA0067B865 /* MyChennai */ = {
			isa = PBXGroup;
			children = (
				8BA7F1011CB45BE000FA7709 /* APPDetailViewController.h */,
				8BA7F1021CB45BE000FA7709 /* APPDetailViewController.m */,
				8BA7F0FE1CB45BB600FA7709 /* APPMasterViewController.h */,
				8BA7F0FF1CB45BB600FA7709 /* APPMasterViewController.m */,
				8BA7F0F91CB44CA400FA7709 /* InfoDetailViewController.h */,
				8BA7F0FA1CB44CA400FA7709 /* InfoDetailViewController.m */,
				8BA7F0F61CB442DA00FA7709 /* InfoCell.h */,
				8BA7F0F71CB442DA00FA7709 /* InfoCell.m */,
				8BA7F0F31CB442BA00FA7709 /* InfoViewController.h */,
				8BA7F0F41CB442BA00FA7709 /* InfoViewController.m */,
				8BA7F0EB1CB430BB00FA7709 /* ViewController.h */,
				8BA7F0EC1CB430BB00FA7709 /* ViewController.m */,
				8BA7F0ED1CB430BB00FA7709 /* MapPoint.h */,
				8BA7F0EE1CB430BB00FA7709 /* MapPoint.m */,
				8BAD624F1CB2F10100B7FB77 /* number.h */,
				8BAD62501CB2F10100B7FB77 /* number.m */,
				8BB268231CB2E2C700592787 /* HelpCell.h */,
				8BB268241CB2E2C700592787 /* HelpCell.m */,
				8BD5BABE1CB2DB36002474AC /* helpViewController.h */,
				8BD5BABF1CB2DB36002474AC /* helpViewController.m */,
				8B83650B1CB15F03006B670A /* DashboardViewController.h */,
				8B83650C1CB15F03006B670A /* DashboardViewController.m */,
				8B2253B41CB156DA0067B865 /* MyChennaiAppDelegate.h */,
				8B2253B51CB156DA0067B865 /* MyChennaiAppDelegate.m */,
				8B2253B71CB156DA0067B865 /* Main.storyboard */,
				8B2253BA1CB156DA0067B865 /* MyChennaiViewController.h */,
				8B2253BB1CB156DA0067B865 /* MyChennaiViewController.m */,
				8B2253BD1CB156DA0067B865 /* Images.xcassets */,
				8B2253AC1CB156DA0067B865 /* Supporting Files */,
			);
			path = MyChennai;
			sourceTree = "<group>";
		};
		8B2253AC1CB156DA0067B865 /* Supporting Files */ = {
			isa = PBXGroup;
			children = (
				8BA7F0FC1CB457D900FA7709 /* hindu.jpg */,
				8BA7F0F11CB43E5C00FA7709 /* info.jpg */,
				8B8365101CB16792006B670A /* nearme.png */,
				8B83650E1CB164D0006B670A /* help.jpg */,
				8B2253AD1CB156DA0067B865 /* MyChennai-Info.plist */,
				8B2253AE1CB156DA0067B865 /* InfoPlist.strings */,
				8B2253B11CB156DA0067B865 /* main.m */,
				8B2253B31CB156DA0067B865 /* MyChennai-Prefix.pch */,
			);
			name = "Supporting Files";
			sourceTree = "<group>";
		};
		8B2253CA1CB156DA0067B865 /* MyChennaiTests */ = {
			isa = PBXGroup;
			children = (
				8B2253D01CB156DA0067B865 /* MyChennaiTests.m */,
				8B2253CB1CB156DA0067B865 /* Supporting Files */,
			);
			path = MyChennaiTests;
			sourceTree = "<group>";
		};
		8B2253CB1CB156DA0067B865 /* Supporting Files */ = {
			isa = PBXGroup;
			children = (
				8B2253CC1CB156DA0067B865 /* MyChennaiTests-Info.plist */,
				8B2253CD1CB156DA0067B865 /* InfoPlist.strings */,
			);
			name = "Supporting Files";
			sourceTree = "<group>";
		};
/* End PBXGroup section */

/* Begin PBXNativeTarget section */
		8B2253A11CB156DA0067B865 /* MyChennai */ = {
			isa = PBXNativeTarget;
			buildConfigurationList = 8B2253D41CB156DA0067B865 /* Build configuration list for PBXNativeTarget "MyChennai" */;
			buildPhases = (
				8B22539E1CB156DA0067B865 /* Sources */,
				8B22539F1CB156DA0067B865 /* Frameworks */,
				8B2253A01CB156DA0067B865 /* Resources */,
			);
			buildRules = (
			);
			dependencies = (
			);
			name = MyChennai;
			productName = MyChennai;
			productReference = 8B2253A21CB156DA0067B865 /* MyChennai.app */;
			productType = "com.apple.product-type.application";
		};
		8B2253C21CB156DA0067B865 /* MyChennaiTests */ = {
			isa = PBXNativeTarget;
			buildConfigurationList = 8B2253D71CB156DA0067B865 /* Build configuration list for PBXNativeTarget "MyChennaiTests" */;
			buildPhases = (
				8B2253BF1CB156DA0067B865 /* Sources */,
				8B2253C01CB156DA0067B865 /* Frameworks */,
				8B2253C11CB156DA0067B865 /* Resources */,
			);
			buildRules = (
			);
			dependencies = (
				8B2253C91CB156DA0067B865 /* PBXTargetDependency */,
			);
			name = MyChennaiTests;
			productName = MyChennaiTests;
			productReference = 8B2253C31CB156DA0067B865 /* MyChennaiTests.xctest */;
			productType = "com.apple.product-type.bundle.unit-test";
		};
/* End PBXNativeTarget section */

/* Begin PBXProject section */
		8B22539A1CB156DA0067B865 /* Project object */ = {
			isa = PBXProject;
			attributes = {
				CLASSPREFIX = MyChennai;
				LastUpgradeCheck = 0510;
				ORGANIZATIONNAME = "iphone developers";
				TargetAttributes = {
					8B2253C21CB156DA0067B865 = {
						TestTargetID = 8B2253A11CB156DA0067B865;
					};
				};
			};
			buildConfigurationList = 8B22539D1CB156DA0067B865 /* Build configuration list for PBXProject "MyChennai" */;
			compatibilityVersion = "Xcode 3.2";
			developmentRegion = English;
			hasScannedForEncodings = 0;
			knownRegions = (
				en,
				Base,
			);
			mainGroup = 8B2253991CB156DA0067B865;
			productRefGroup = 8B2253A31CB156DA0067B865 /* Products */;
			projectDirPath = "";
			projectRoot = "";
			targets = (
				8B2253A11CB156DA0067B865 /* MyChennai */,
				8B2253C21CB156DA0067B865 /* MyChennaiTests */,
			);
		};
/* End PBXProject section */

/* Begin PBXResourcesBuildPhase section */
		8B2253A01CB156DA0067B865 /* Resources */ = {
			isa = PBXResourcesBuildPhase;
			buildActionMask = 2147483647;
			files = (
				8B83650F1CB164D0006B670A /* help.jpg in Resources */,
				8BA7F0F21CB43E5C00FA7709 /* info.jpg in Resources */,
				8B8365111CB16792006B670A /* nearme.png in Resources */,
				8B2253BE1CB156DA0067B865 /* Images.xcassets in Resources */,
				8B2253B01CB156DA0067B865 /* InfoPlist.strings in Resources */,
				8BA7F0FD1CB457D900FA7709 /* hindu.jpg in Resources */,
				8B2253B91CB156DA0067B865 /* Main.storyboard in Resources */,
			);
			runOnlyForDeploymentPostprocessing = 0;
		};
		8B2253C11CB156DA0067B865 /* Resources */ = {
			isa = PBXResourcesBuildPhase;
			buildActionMask = 2147483647;
			files = (
				8B2253CF1CB156DA0067B865 /* InfoPlist.strings in Resources */,
			);
			runOnlyForDeploymentPostprocessing = 0;
		};
/* End PBXResourcesBuildPhase section */

/* Begin PBXSourcesBuildPhase section */
		8B22539E1CB156DA0067B865 /* Sources */ = {
			isa = PBXSourcesBuildPhase;
			buildActionMask = 2147483647;
			files = (
				8BAD62511CB2F10100B7FB77 /* number.m in Sources */,
				8BD5BAC01CB2DB36002474AC /* helpViewController.m in Sources */,
				8BA7F0EF1CB430BB00FA7709 /* ViewController.m in Sources */,
				8BA7F1031CB45BE000FA7709 /* APPDetailViewController.m in Sources */,
				8B2253B21CB156DA0067B865 /* main.m in Sources */,
				8B2253BC1CB156DA0067B865 /* MyChennaiViewController.m in Sources */,
				8BA7F0F01CB430BB00FA7709 /* MapPoint.m in Sources */,
				8B2253B61CB156DA0067B865 /* MyChennaiAppDelegate.m in Sources */,
				8BB268251CB2E2C700592787 /* HelpCell.m in Sources */,
				8BA7F0F51CB442BA00FA7709 /* InfoViewController.m in Sources */,
				8BA7F0F81CB442DA00FA7709 /* InfoCell.m in Sources */,
				8BA7F1001CB45BB600FA7709 /* APPMasterViewController.m in Sources */,
				8B83650D1CB15F03006B670A /* DashboardViewController.m in Sources */,
				8BA7F0FB1CB44CA400FA7709 /* InfoDetailViewController.m in Sources */,
			);
			runOnlyForDeploymentPostprocessing = 0;
		};
		8B2253BF1CB156DA0067B865 /* Sources */ = {
			isa = PBXSourcesBuildPhase;
			buildActionMask = 2147483647;
			files = (
				8B2253D11CB156DA0067B865 /* MyChennaiTests.m in Sources */,
			);
			runOnlyForDeploymentPostprocessing = 0;
		};
/* End PBXSourcesBuildPhase section */

/* Begin PBXTargetDependency section */
		8B2253C91CB156DA0067B865 /* PBXTargetDependency */ = {
			isa = PBXTargetDependency;
			target = 8B2253A11CB156DA0067B865 /* MyChennai */;
			targetProxy = 8B2253C81CB156DA0067B865 /* PBXContainerItemProxy */;
		};
/* End PBXTargetDependency section */

/* Begin PBXVariantGroup section */
		8B2253AE1CB156DA0067B865 /* InfoPlist.strings */ = {
			isa = PBXVariantGroup;
			children = (
				8B2253AF1CB156DA0067B865 /* en */,
			);
			name = InfoPlist.strings;
			sourceTree = "<group>";
		};
		8B2253B71CB156DA0067B865 /* Main.storyboard */ = {
			isa = PBXVariantGroup;
			children = (
				8B2253B81CB156DA0067B865 /* Base */,
			);
			name = Main.storyboard;
			sourceTree = "<group>";
		};
		8B2253CD1CB156DA0067B865 /* InfoPlist.strings */ = {
			isa = PBXVariantGroup;
			children = (
				8B2253CE1CB156DA0067B865 /* en */,
			);
			name = InfoPlist.strings;
			sourceTree = "<group>";
		};
/* End PBXVariantGroup section */

/* Begin XCBuildConfiguration section */
		8B2253D21CB156DA0067B865 /* Debug */ = {
			isa = XCBuildConfiguration;
			buildSettings = {
				ALWAYS_SEARCH_USER_PATHS = NO;
				CLANG_CXX_LANGUAGE_STANDARD = "gnu++0x";
				CLANG_CXX_LIBRARY = "libc++";
				CLANG_ENABLE_MODULES = YES;
				CLANG_ENABLE_OBJC_ARC = YES;
				CLANG_WARN_BOOL_CONVERSION = YES;
				CLANG_WARN_CONSTANT_CONVERSION = YES;
				CLANG_WARN_DIRECT_OBJC_ISA_USAGE = YES_ERROR;
				CLANG_WARN_EMPTY_BODY = YES;
				CLANG_WARN_ENUM_CONVERSION = YES;
				CLANG_WARN_INT_CONVERSION = YES;
				CLANG_WARN_OBJC_ROOT_CLASS = YES_ERROR;
				CLANG_WARN__DUPLICATE_METHOD_MATCH = YES;
				"CODE_SIGN_IDENTITY[sdk=iphoneos*]" = "iPhone Developer";
				COPY_PHASE_STRIP = NO;
				GCC_C_LANGUAGE_STANDARD = gnu99;
				GCC_DYNAMIC_NO_PIC = NO;
				GCC_OPTIMIZATION_LEVEL = 0;
				GCC_PREPROCESSOR_DEFINITIONS = (
					"DEBUG=1",
					"$(inherited)",
				);
				GCC_SYMBOLS_PRIVATE_EXTERN = NO;
				GCC_WARN_64_TO_32_BIT_CONVERSION = YES;
				GCC_WARN_ABOUT_RETURN_TYPE = YES_ERROR;
				GCC_WARN_UNDECLARED_SELECTOR = YES;
				GCC_WARN_UNINITIALIZED_AUTOS = YES_AGGRESSIVE;
				GCC_WARN_UNUSED_FUNCTION = YES;
				GCC_WARN_UNUSED_VARIABLE = YES;
				IPHONEOS_DEPLOYMENT_TARGET = 7.1;
				ONLY_ACTIVE_ARCH = YES;
				SDKROOT = iphoneos;
			};
			name = Debug;
		};
		8B2253D31CB156DA0067B865 /* Release */ = {
			isa = XCBuildConfiguration;
			buildSettings = {
				ALWAYS_SEARCH_USER_PATHS = NO;
				CLANG_CXX_LANGUAGE_STANDARD = "gnu++0x";
				CLANG_CXX_LIBRARY = "libc++";
				CLANG_ENABLE_MODULES = YES;
				CLANG_ENABLE_OBJC_ARC = YES;
				CLANG_WARN_BOOL_CONVERSION = YES;
				CLANG_WARN_CONSTANT_CONVERSION = YES;
				CLANG_WARN_DIRECT_OBJC_ISA_USAGE = YES_ERROR;
				CLANG_WARN_EMPTY_BODY = YES;
				CLANG_WARN_ENUM_CONVERSION = YES;
				CLANG_WARN_INT_CONVERSION = YES;
				CLANG_WARN_OBJC_ROOT_CLASS = YES_ERROR;
				CLANG_WARN__DUPLICATE_METHOD_MATCH = YES;
				"CODE_SIGN_IDENTITY[sdk=iphoneos*]" = "iPhone Developer";
				COPY_PHASE_STRIP = YES;
				ENABLE_NS_ASSERTIONS = NO;
				GCC_C_LANGUAGE_STANDARD = gnu99;
				GCC_WARN_64_TO_32_BIT_CONVERSION = YES;
				GCC_WARN_ABOUT_RETURN_TYPE = YES_ERROR;
				GCC_WARN_UNDECLARED_SELECTOR = YES;
				GCC_WARN_UNINITIALIZED_AUTOS = YES_AGGRESSIVE;
				GCC_WARN_UNUSED_FUNCTION = YES;
				GCC_WARN_UNUSED_VARIABLE = YES;
				IPHONEOS_DEPLOYMENT_TARGET = 7.1;
				SDKROOT = iphoneos;
				VALIDATE_PRODUCT = YES;
			};
			name = Release;
		};
		8B2253D51CB156DA0067B865 /* Debug */ = {
			isa = XCBuildConfiguration;
			buildSettings = {
				ASSETCATALOG_COMPILER_APPICON_NAME = AppIcon;
				ASSETCATALOG_COMPILER_LAUNCHIMAGE_NAME = LaunchImage;
				GCC_PRECOMPILE_PREFIX_HEADER = YES;
				GCC_PREFIX_HEADER = "MyChennai/MyChennai-Prefix.pch";
				INFOPLIST_FILE = "MyChennai/MyChennai-Info.plist";
				PRODUCT_NAME = "$(TARGET_NAME)";
				WRAPPER_EXTENSION = app;
			};
			name = Debug;
		};
		8B2253D61CB156DA0067B865 /* Release */ = {
			isa = XCBuildConfiguration;
			buildSettings = {
				ASSETCATALOG_COMPILER_APPICON_NAME = AppIcon;
				ASSETCATALOG_COMPILER_LAUNCHIMAGE_NAME = LaunchImage;
				GCC_PRECOMPILE_PREFIX_HEADER = YES;
				GCC_PREFIX_HEADER = "MyChennai/MyChennai-Prefix.pch";
				INFOPLIST_FILE = "MyChennai/MyChennai-Info.plist";
				PRODUCT_NAME = "$(TARGET_NAME)";
				WRAPPER_EXTENSION = app;
			};
			name = Release;
		};
		8B2253D81CB156DA0067B865 /* Debug */ = {
			isa = XCBuildConfiguration;
			buildSettings = {
				BUNDLE_LOADER = "$(BUILT_PRODUCTS_DIR)/MyChennai.app/MyChennai";
				FRAMEWORK_SEARCH_PATHS = (
					"$(SDKROOT)/Developer/Library/Frameworks",
					"$(inherited)",
					"$(DEVELOPER_FRAMEWORKS_DIR)",
				);
				GCC_PRECOMPILE_PREFIX_HEADER = YES;
				GCC_PREFIX_HEADER = "MyChennai/MyChennai-Prefix.pch";
				GCC_PREPROCESSOR_DEFINITIONS = (
					"DEBUG=1",
					"$(inherited)",
				);
				INFOPLIST_FILE = "MyChennaiTests/MyChennaiTests-Info.plist";
				PRODUCT_NAME = "$(TARGET_NAME)";
				TEST_HOST = "$(BUNDLE_LOADER)";
				WRAPPER_EXTENSION = xctest;
			};
			name = Debug;
		};
		8B2253D91CB156DA0067B865 /* Release */ = {
			isa = XCBuildConfiguration;
			buildSettings = {
				BUNDLE_LOADER = "$(BUILT_PRODUCTS_DIR)/MyChennai.app/MyChennai";
				FRAMEWORK_SEARCH_PATHS = (
					"$(SDKROOT)/Developer/Library/Frameworks",
					"$(inherited)",
					"$(DEVELOPER_FRAMEWORKS_DIR)",
				);
				GCC_PRECOMPILE_PREFIX_HEADER = YES;
				GCC_PREFIX_HEADER = "MyChennai/MyChennai-Prefix.pch";
				INFOPLIST_FILE = "MyChennaiTests/MyChennaiTests-Info.plist";
				PRODUCT_NAME = "$(TARGET_NAME)";
				TEST_HOST = "$(BUNDLE_LOADER)";
				WRAPPER_EXTENSION = xctest;
			};
			name = Release;
		};
/* End XCBuildConfiguration section */

/* Begin XCConfigurationList section */
		8B22539D1CB156DA0067B865 /* Build configuration list for PBXProject "MyChennai" */ = {
			isa = XCConfigurationList;
			buildConfigurations = (
				8B2253D21CB156DA0067B865 /* Debug */,
				8B2253D31CB156DA0067B865 /* Release */,
			);
			defaultConfigurationIsVisible = 0;
			defaultConfigurationName = Release;
		};
		8B2253D41CB156DA0067B865 /* Build configuration list for PBXNativeTarget "MyChennai" */ = {
			isa = XCConfigurationList;
			buildConfigurations = (
				8B2253D51CB156DA0067B865 /* Debug */,
				8B2253D61CB156DA0067B865 /* Release */,
			);
			defaultConfigurationIsVisible = 0;
			defaultConfigurationName = Release;
		};
		8B2253D71CB156DA0067B865 /* Build configuration list for PBXNativeTarget "MyChennaiTests" */ = {
			isa = XCConfigurationList;
			buildConfigurations = (
				8B2253D81CB156DA0067B865 /* Debug */,
				8B2253D91CB156DA0067B865 /* Release */,
			);
			defaultConfigurationIsVisible = 0;
			defaultConfigurationName = Release;
		};
/* End XCConfigurationList section */
	};
	rootObject = 8B22539A1CB156DA0067B865 /* Project object */;
}
